
Microsoft Visual Studio Solution File, Format Version 12.00
# Visual Studio 15
VisualStudioVersion = 15.0.28307.572
MinimumVisualStudioVersion = 10.0.40219.1
Project("{FAE04EC0-301F-11D3-BF4B-00C04F79EFBC}") = "LineSystem_cSharp1", "Core\LineSystem_cSharp1.csproj", "{DFF51C54-8536-45F4-8413-B6212B2C3634}"
EndProject
Project("{FAE04EC0-301F-11D3-BF4B-00C04F79EFBC}") = "TestLineSystem", "TestLineSystem\TestLineSystem.csproj", "{3CE92486-0DA5-4191-8253-6D29549A4765}"
EndProject
Project("{FAE04EC0-301F-11D3-BF4B-00C04F79EFBC}") = "LineSystem_cSharp", "UserInterface\LineSystem_cSharp.csproj", "{CE679FA4-2466-4885-B335-B41216BAEE77}"
EndProject
Global
	GlobalSection(SolutionConfigurationPlatforms) = preSolution
		Debug|Any CPU = Debug|Any CPU
		Release|Any CPU = Release|Any CPU
	EndGlobalSection
	GlobalSection(ProjectConfigurationPlatforms) = postSolution
		{DFF51C54-8536-45F4-8413-B6212B2C3634}.Debug|Any CPU.ActiveCfg = Debug|Any CPU
		{DFF51C54-8536-45F4-8413-B6212B2C3634}.Debug|Any CPU.Build.0 = Debug|Any CPU
		{DFF51C54-8536-45F4-8413-B6212B2C3634}.Release|Any CPU.ActiveCfg = Release|Any CPU
		{DFF51C54-8536-45F4-8413-B6212B2C3634}.Release|Any CPU.Build.0 = Release|Any CPU
		{3CE92486-0DA5-4191-8253-6D29549A4765}.Debug|Any CPU.ActiveCfg = Debug|Any CPU
		{3CE92486-0DA5-4191-8253-6D29549A4765}.Debug|Any CPU.Build.0 = Debug|Any CPU
		{3CE92486-0DA5-4191-8253-6D29549A4765}.Release|Any CPU.ActiveCfg = Release|Any CPU
		{3CE92486-0DA5-4191-8253-6D29549A4765}.Release|Any CPU.Build.0 = Release|Any CPU
		{CE679FA4-2466-4885-B335-B41216BAEE77}.Debug|Any CPU.ActiveCfg = Debug|Any CPU
		{CE679FA4-2466-4885-B335-B41216BAEE77}.Debug|Any CPU.Build.0 = Debug|Any CPU
		{CE679FA4-2466-4885-B335-B41216BAEE77}.Release|Any CPU.ActiveCfg = Release|Any CPU
		{CE679FA4-2466-4885-B335-B41216BAEE77}.Release|Any CPU.Build.0 = Release|Any CPU
	EndGlobalSection
	GlobalSection(SolutionProperties) = preSolution
		HideSolutionNode = FALSE
	EndGlobalSection
	GlobalSection(ExtensibilityGlobals) = postSolution
		SolutionGuid = {EF1D14D7-DB96-4ADD-99EB-5464E113E69F}
	EndGlobalSection
EndGlobal
